
Microsoft Visual Studio Solution File, Format Version 12.00
# Visual Studio 15
VisualStudioVersion = 15.0.26124.0
MinimumVisualStudioVersion = 15.0.26124.0
Project("{2150E333-8FDC-42A3-9474-1A3956D46DE8}") = "src", "src", "{3F1C5955-60A3-4712-AA42-0533E4BB7392}"
EndProject
Project("{FAE04EC0-301F-11D3-BF4B-00C04F79EFBC}") = "Annotations", "src\Annotations\Annotations.csproj", "{C0C8DCDB-3C73-4115-AEF5-753F050494B7}"
EndProject
Project("{FAE04EC0-301F-11D3-BF4B-00C04F79EFBC}") = "Parser", "src\Parser\Parser.csproj", "{CDFD3279-BBC3-4358-AA26-952A2C8B7F19}"
EndProject
Project("{FAE04EC0-301F-11D3-BF4B-00C04F79EFBC}") = "Builder", "src\Builder\Builder.csproj", "{4484DC97-09AA-43E5-B70C-0087B1188462}"
EndProject
Global
	GlobalSection(SolutionConfigurationPlatforms) = preSolution
		Debug|Any CPU = Debug|Any CPU
		Debug|x64 = Debug|x64
		Debug|x86 = Debug|x86
		Release|Any CPU = Release|Any CPU
		Release|x64 = Release|x64
		Release|x86 = Release|x86
	EndGlobalSection
	GlobalSection(SolutionProperties) = preSolution
		HideSolutionNode = FALSE
	EndGlobalSection
	GlobalSection(NestedProjects) = preSolution
		{C0C8DCDB-3C73-4115-AEF5-753F050494B7} = {3F1C5955-60A3-4712-AA42-0533E4BB7392}
		{CDFD3279-BBC3-4358-AA26-952A2C8B7F19} = {3F1C5955-60A3-4712-AA42-0533E4BB7392}
		{4484DC97-09AA-43E5-B70C-0087B1188462} = {3F1C5955-60A3-4712-AA42-0533E4BB7392}
	EndGlobalSection
	GlobalSection(ProjectConfigurationPlatforms) = postSolution
		{C0C8DCDB-3C73-4115-AEF5-753F050494B7}.Debug|Any CPU.ActiveCfg = Debug|Any CPU
		{C0C8DCDB-3C73-4115-AEF5-753F050494B7}.Debug|Any CPU.Build.0 = Debug|Any CPU
		{C0C8DCDB-3C73-4115-AEF5-753F050494B7}.Debug|x64.ActiveCfg = Debug|Any CPU
		{C0C8DCDB-3C73-4115-AEF5-753F050494B7}.Debug|x64.Build.0 = Debug|Any CPU
		{C0C8DCDB-3C73-4115-AEF5-753F050494B7}.Debug|x86.ActiveCfg = Debug|Any CPU
		{C0C8DCDB-3C73-4115-AEF5-753F050494B7}.Debug|x86.Build.0 = Debug|Any CPU
		{C0C8DCDB-3C73-4115-AEF5-753F050494B7}.Release|Any CPU.ActiveCfg = Release|Any CPU
		{C0C8DCDB-3C73-4115-AEF5-753F050494B7}.Release|Any CPU.Build.0 = Release|Any CPU
		{C0C8DCDB-3C73-4115-AEF5-753F050494B7}.Release|x64.ActiveCfg = Release|Any CPU
		{C0C8DCDB-3C73-4115-AEF5-753F050494B7}.Release|x64.Build.0 = Release|Any CPU
		{C0C8DCDB-3C73-4115-AEF5-753F050494B7}.Release|x86.ActiveCfg = Release|Any CPU
		{C0C8DCDB-3C73-4115-AEF5-753F050494B7}.Release|x86.Build.0 = Release|Any CPU
		{CDFD3279-BBC3-4358-AA26-952A2C8B7F19}.Debug|Any CPU.ActiveCfg = Debug|Any CPU
		{CDFD3279-BBC3-4358-AA26-952A2C8B7F19}.Debug|Any CPU.Build.0 = Debug|Any CPU
		{CDFD3279-BBC3-4358-AA26-952A2C8B7F19}.Debug|x64.ActiveCfg = Debug|Any CPU
		{CDFD3279-BBC3-4358-AA26-952A2C8B7F19}.Debug|x64.Build.0 = Debug|Any CPU
		{CDFD3279-BBC3-4358-AA26-952A2C8B7F19}.Debug|x86.ActiveCfg = Debug|Any CPU
		{CDFD3279-BBC3-4358-AA26-952A2C8B7F19}.Debug|x86.Build.0 = Debug|Any CPU
		{CDFD3279-BBC3-4358-AA26-952A2C8B7F19}.Release|Any CPU.ActiveCfg = Release|Any CPU
		{CDFD3279-BBC3-4358-AA26-952A2C8B7F19}.Release|Any CPU.Build.0 = Release|Any CPU
		{CDFD3279-BBC3-4358-AA26-952A2C8B7F19}.Release|x64.ActiveCfg = Release|Any CPU
		{CDFD3279-BBC3-4358-AA26-952A2C8B7F19}.Release|x64.Build.0 = Release|Any CPU
		{CDFD3279-BBC3-4358-AA26-952A2C8B7F19}.Release|x86.ActiveCfg = Release|Any CPU
		{CDFD3279-BBC3-4358-AA26-952A2C8B7F19}.Release|x86.Build.0 = Release|Any CPU
		{4484DC97-09AA-43E5-B70C-0087B1188462}.Debug|Any CPU.ActiveCfg = Debug|Any CPU
		{4484DC97-09AA-43E5-B70C-0087B1188462}.Debug|Any CPU.Build.0 = Debug|Any CPU
		{4484DC97-09AA-43E5-B70C-0087B1188462}.Debug|x64.ActiveCfg = Debug|Any CPU
		{4484DC97-09AA-43E5-B70C-0087B1188462}.Debug|x64.Build.0 = Debug|Any CPU
		{4484DC97-09AA-43E5-B70C-0087B1188462}.Debug|x86.ActiveCfg = Debug|Any CPU
		{4484DC97-09AA-43E5-B70C-0087B1188462}.Debug|x86.Build.0 = Debug|Any CPU
		{4484DC97-09AA-43E5-B70C-0087B1188462}.Release|Any CPU.ActiveCfg = Release|Any CPU
		{4484DC97-09AA-43E5-B70C-0087B1188462}.Release|Any CPU.Build.0 = Release|Any CPU
		{4484DC97-09AA-43E5-B70C-0087B1188462}.Release|x64.ActiveCfg = Release|Any CPU
		{4484DC97-09AA-43E5-B70C-0087B1188462}.Release|x64.Build.0 = Release|Any CPU
		{4484DC97-09AA-43E5-B70C-0087B1188462}.Release|x86.ActiveCfg = Release|Any CPU
		{4484DC97-09AA-43E5-B70C-0087B1188462}.Release|x86.Build.0 = Release|Any CPU
	EndGlobalSection
EndGlobal
